
Microsoft Visual Studio Solution File, Format Version 12.00
# Visual Studio Version 17
VisualStudioVersion = 17.10.34928.147
MinimumVisualStudioVersion = 10.0.40219.1
Project("{FAE04EC0-301F-11D3-BF4B-00C04F79EFBC}") = "JuegodeMemoria", "JuegodeMemoria\JuegodeMemoria.csproj", "{CA1B5C92-5D90-4D72-9388-E7ACAFD0B792}"
EndProject
Global
	GlobalSection(SolutionConfigurationPlatforms) = preSolution
		Debug|Any CPU = Debug|Any CPU
		Release|Any CPU = Release|Any CPU
	EndGlobalSection
	GlobalSection(ProjectConfigurationPlatforms) = postSolution
		{CA1B5C92-5D90-4D72-9388-E7ACAFD0B792}.Debug|Any CPU.ActiveCfg = Debug|Any CPU
		{CA1B5C92-5D90-4D72-9388-E7ACAFD0B792}.Debug|Any CPU.Build.0 = Debug|Any CPU
		{CA1B5C92-5D90-4D72-9388-E7ACAFD0B792}.Release|Any CPU.ActiveCfg = Release|Any CPU
		{CA1B5C92-5D90-4D72-9388-E7ACAFD0B792}.Release|Any CPU.Build.0 = Release|Any CPU
	EndGlobalSection
	GlobalSection(SolutionProperties) = preSolution
		HideSolutionNode = FALSE
	EndGlobalSection
	GlobalSection(ExtensibilityGlobals) = postSolution
		SolutionGuid = {B9709AAA-8B74-47DE-96EE-6C745FC80CAE}
	EndGlobalSection
EndGlobal
